<?xml version="1.0" encoding="utf-8"?>
<Project ToolsVersion="4.0" xmlns="http://schemas.microsoft.com/developer/msbuild/2003">
  <ItemGroup>
    <Filter Include="Source Files">
      <UniqueIdentifier>{4FC737F1-C7A5-4376-A066-2A32D752A2FF}</UniqueIdentifier>
      <Extensions>cpp;c;cc;cxx;def;odl;idl;hpj;bat;asm;asmx</Extensions>
    </Filter>
    <Filter Include="Header Files">
      <UniqueIdentifier>{93995380-89BD-4b04-88EB-625FBE52EBFB}</UniqueIdentifier>
      <Extensions>h;hh;hpp;hxx;hm;inl;inc;xsd</Extensions>
    </Filter>
    <Filter Include="Resource Files">
      <UniqueIdentifier>{67DA6AB6-F800-4c08-8B7A-83BB121AAD01}</UniqueIdentifier>
      <Extensions>rc;ico;cur;bmp;dlg;rc2;rct;bin;rgs;gif;jpg;jpeg;jpe;resx;tiff;tif;png;wav;mfcribbon-ms</Extensions>
    </Filter>
  </ItemGroup>
  <ItemGroup>
    <ClInclude Include="stdafx.h">
      <Filter>Header Files</Filter>
    </ClInclude>
    <ClInclude Include="targetver.h">
      <Filter>Header Files</Filter>
    </ClInclude>
    <ClInclude Include="Source\TestResources.h">
      <Filter>Source Files</Filter>
    </ClInclude>
    <ClInclude Include="Source\TestUtils.h">
      <Filter>Source Files</Filter>
    </ClInclude>
  </ItemGroup>
  <ItemGroup>
    <ClCompile Include="Source\AnimationUtilsTests.cpp">
      <Filter>Source Files</Filter>
    </ClCompile>
    <ClCompile Include="Source\ExtrasDocumentTests.cpp">
      <Filter>Source Files</Filter>
    </ClCompile>
    <ClCompile Include="Source\GLTFExtensionsTests.cpp">
      <Filter>Source Files</Filter>
    </ClCompile>
    <ClCompile Include="Source\GLTFResourceReaderTests.cpp">
      <Filter>Source Files</Filter>
    </ClCompile>
    <ClCompile Include="Source\GLTFResourceWriterTests.cpp">
      <Filter>Source Files</Filter>
    </ClCompile>
    <ClCompile Include="Source\GLTFTests.cpp">
      <Filter>Source Files</Filter>
    </ClCompile>
    <ClCompile Include="Source\IndexedContainerTests.cpp">
      <Filter>Source Files</Filter>
    </ClCompile>
    <ClCompile Include="Source\MeshPrimitiveUtilsTests.cpp">
      <Filter>Source Files</Filter>
    </ClCompile>
    <ClCompile Include="Source\MicrosoftGeneratorVersionTests.cpp">
      <Filter>Source Files</Filter>
    </ClCompile>
    <ClCompile Include="Source\PBRUtilsTests.cpp">
      <Filter>Source Files</Filter>
    </ClCompile>
    <ClCompile Include="Source\ResourceReaderUtilsTests.cpp">
      <Filter>Source Files</Filter>
    </ClCompile>
    <ClCompile Include="Source\SerializeTests.cpp">
      <Filter>Source Files</Filter>
    </ClCompile>
    <ClCompile Include="Source\StreamCacheTests.cpp">
      <Filter>Source Files</Filter>
    </ClCompile>
    <ClCompile Include="Source\ValidationUnitTests.cpp">
      <Filter>Source Files</Filter>
    </ClCompile>
    <ClCompile Include="Source\VisitorTests.cpp">
      <Filter>Source Files</Filter>
    </ClCompile>
    <ClCompile Include="Source\stdafx.cpp">
      <Filter>Source Files</Filter>
    </ClCompile>
    <ClCompile Include="Source\glTFPropertyTests.cpp">
      <Filter>Source Files</Filter>
    </ClCompile>
    <ClCompile Include="Source\ColorTests.cpp">
      <Filter>Source Files</Filter>
    </ClCompile>
    <ClCompile Include="Source\VersionTests.cpp">
      <Filter>Source Files</Filter>
    </ClCompile>
    <ClCompile Include="Source\GLBResourceWriterTests.cpp">
      <Filter>Source Files</Filter>
    </ClCompile>
    <ClCompile Include="Source\OptionalTests.cpp">
      <Filter>Source Files</Filter>
    </ClCompile>
    <ClCompile Include="Source\DeserializeTests.cpp">
      <Filter>Source Files</Filter>
    </ClCompile>
  </ItemGroup>
  <ItemGroup>
    <None Include="Resources\gltf\ReciprocatingSaw.gltf">
      <Filter>Resource Files</Filter>
    </None>
    <None Include="Resources\gltf\RiggedSimple.gltf">
      <Filter>Resource Files</Filter>
    </None>
    <None Include="Resources\glb\BoxInterleaved.glb">
      <Filter>Resource Files</Filter>
    </None>
    <None Include="Resources\glb\CubeInvalidAccessorByteLength.glb">
      <Filter>Resource Files</Filter>
    </None>
    <None Include="Resources\glb\CubeInvalidAccessorByteOffset.glb">
      <Filter>Resource Files</Filter>
    </None>
    <None Include="Resources\glb\CubeInvalidBufferViewLength.glb">
      <Filter>Resource Files</Filter>
    </None>
    <None Include="Resources\glb\CubeMissingTextureRef.glb">
      <Filter>Resource Files</Filter>
    </None>
    <None Include="Resources\glb\DuckMissingMaterialRef.glb">
      <Filter>Resource Files</Filter>
    </None>
    <None Include="Resources\gltf\AnimatedMorphCube.gltf">
      <Filter>Resource Files</Filter>
    </None>
    <None Include="Resources\gltf\AnimatedTriangle.gltf">
      <Filter>Resource Files</Filter>
    </None>
    <None Include="Resources\gltf\CameraInvalidPerspective.gltf">
      <Filter>Resource Files</Filter>
    </None>
    <None Include="Resources\gltf\CameraInvalidProjection.gltf">
      <Filter>Resource Files</Filter>
    </None>
    <None Include="Resources\gltf\CameraMissingProperties.gltf">
      <Filter>Resource Files</Filter>
    </None>
    <None Include="Resources\gltf\CartoonCurse01Fbx.gltf">
      <Filter>Resource Files</Filter>
    </None>
    <None Include="Resources\gltf\CubeWithLOD.gltf">
      <Filter>Resource Files</Filter>
    </None>
    <None Include="Resources\gltf\Cube.gltf">
      <Filter>Resource Files</Filter>
    </None>
    <None Include="Resources\gltf\DoubleNodes.gltf">
      <Filter>Resource Files</Filter>
    </None>
    <None Include="Resources\gltf\DoubleTriangle.gltf">
      <Filter>Resource Files</Filter>
    </None>
    <None Include="Resources\gltf\DracoBox.gltf">
      <Filter>Resource Files</Filter>
    </None>
    <None Include="Resources\gltf\DuplicateNodes.gltf">
      <Filter>Resource Files</Filter>
    </None>
    <None Include="Resources\gltf\Mesh_PrimitivesUV_04.gltf">
      <Filter>Resource Files</Filter>
    </None>
    <None Include="Resources\gltf\MissingDefaultScene.gltf">
      <Filter>Resource Files</Filter>
    </None>
    <None Include="Resources\gltf\MissingMeshRef.gltf">
      <Filter>Resource Files</Filter>
    </None>
    <None Include="Resources\gltf\MissingNodeRef.gltf">
      <Filter>Resource Files</Filter>
    </None>
    <None Include="Resources\gltf\ReciprocatingSaw.gltf">
      <Filter>Resource Files</Filter>
    </None>
    <None Include="Resources\gltf\RiggedSimple.gltf">
      <Filter>Resource Files</Filter>
    </None>
    <None Include="Resources\gltf\SimpleSparseAccessor.gltf">
      <Filter>Resource Files</Filter>
    </None>
    <None Include="Resources\gltf\SinglePolyWithNormals.gltf">
      <Filter>Resource Files</Filter>
    </None>
    <None Include="Resources\gltf\SingleTriangle.gltf">
      <Filter>Resource Files</Filter>
    </None>
    <None Include="Resources\gltf\SingleTriangleWithTexture.gltf">
      <Filter>Resource Files</Filter>
    </None>
    <None Include="Resources\gltf\Transforms.gltf">
      <Filter>Resource Files</Filter>
    </None>
    <None Include="Resources\gltf\TriangleWithoutIndices.gltf">
      <Filter>Resource Files</Filter>
    </None>
    <None Include="Resources\gltf\TriangleWithoutIndices_TRS.gltf">
      <Filter>Resource Files</Filter>
    </None>
    <None Include="Resources\gltf\TriangleWithoutIndices_Matrix.gltf">
      <Filter>Resource Files</Filter>
    </None>
    <None Include="Resources\gltf\ValidCamera.gltf">
      <Filter>Resource Files</Filter>
    </None>
    <None Include="Resources\gltf\ValidCameraWithExtensions.gltf">
      <Filter>Resource Files</Filter>
    </None>
    <None Include="packages.config" />
    <None Include="Resources\glb\WrongBinHeaderLength.glb" />
    <None Include="Resources\glb\WrongJsonLength.glb" />
    <None Include="Resources\glb\WrongReportedLength.glb" />
    <None Include="Resources\glb\CubeNoBuffer.glb" />
    <None Include="Resources\glTF-Asset-Generator\Mesh_PrimitiveMode\Mesh_PrimitiveMode_00.bin">
      <Filter>Resource Files</Filter>
    </None>
    <None Include="Resources\glTF-Asset-Generator\Mesh_PrimitiveMode\Mesh_PrimitiveMode_01.bin">
      <Filter>Resource Files</Filter>
    </None>
    <None Include="Resources\glTF-Asset-Generator\Mesh_PrimitiveMode\Mesh_PrimitiveMode_02.bin">
      <Filter>Resource Files</Filter>
    </None>
    <None Include="Resources\glTF-Asset-Generator\Mesh_PrimitiveMode\Mesh_PrimitiveMode_03.bin">
      <Filter>Resource Files</Filter>
    </None>
    <None Include="Resources\glTF-Asset-Generator\Mesh_PrimitiveMode\Mesh_PrimitiveMode_04.bin">
      <Filter>Resource Files</Filter>
    </None>
    <None Include="Resources\glTF-Asset-Generator\Mesh_PrimitiveMode\Mesh_PrimitiveMode_05.bin">
      <Filter>Resource Files</Filter>
    </None>
    <None Include="Resources\glTF-Asset-Generator\Mesh_PrimitiveMode\Mesh_PrimitiveMode_06.bin">
      <Filter>Resource Files</Filter>
    </None>
    <None Include="Resources\glTF-Asset-Generator\Mesh_PrimitiveMode\Mesh_PrimitiveMode_07.bin">
      <Filter>Resource Files</Filter>
    </None>
    <None Include="Resources\glTF-Asset-Generator\Mesh_PrimitiveMode\Mesh_PrimitiveMode_08.bin">
      <Filter>Resource Files</Filter>
    </None>
    <None Include="Resources\glTF-Asset-Generator\Mesh_PrimitiveMode\Mesh_PrimitiveMode_09.bin">
      <Filter>Resource Files</Filter>
    </None>
    <None Include="Resources\glTF-Asset-Generator\Mesh_PrimitiveMode\Mesh_PrimitiveMode_10.bin">
      <Filter>Resource Files</Filter>
    </None>
    <None Include="Resources\glTF-Asset-Generator\Mesh_PrimitiveMode\Mesh_PrimitiveMode_11.bin">
      <Filter>Resource Files</Filter>
    </None>
    <None Include="Resources\glTF-Asset-Generator\Mesh_PrimitiveMode\Mesh_PrimitiveMode_12.bin">
      <Filter>Resource Files</Filter>
    </None>
    <None Include="Resources\glTF-Asset-Generator\Mesh_PrimitiveMode\Mesh_PrimitiveMode_13.bin">
      <Filter>Resource Files</Filter>
    </None>
    <None Include="Resources\glTF-Asset-Generator\Mesh_PrimitiveMode\Mesh_PrimitiveMode_14.bin">
      <Filter>Resource Files</Filter>
    </None>
    <None Include="Resources\glTF-Asset-Generator\Mesh_PrimitiveMode\Mesh_PrimitiveMode_15.bin">
      <Filter>Resource Files</Filter>
    </None>
    <None Include="Resources\gltf\TextureTransformTest.gltf">
      <Filter>Resource Files</Filter>
    </None>
  </ItemGroup>
</Project>